<?xml version="1.0" encoding="utf-8"?>
<Project ToolsVersion="4.0" xmlns="http://schemas.microsoft.com/developer/msbuild/2003">
  <ItemGroup>
    <Filter Include="Source Files">
      <UniqueIdentifier>{4FC737F1-C7A5-4376-A066-2A32D752A2FF}</UniqueIdentifier>
      <Extensions>cpp;c;cc;cxx;c++;cppm;ixx;def;odl;idl;hpj;bat;asm;asmx</Extensions>
    </Filter>
    <Filter Include="Header Files">
      <UniqueIdentifier>{93995380-89BD-4b04-88EB-625FBE52EBFB}</UniqueIdentifier>
      <Extensions>h;hh;hpp;hxx;h++;hm;inl;inc;ipp;xsd</Extensions>
    </Filter>
    <Filter Include="Resource Files">
      <UniqueIdentifier>{67DA6AB6-F800-4c08-8B7A-83BB121AAD01}</UniqueIdentifier>
      <Extensions>rc;ico;cur;bmp;dlg;rc2;rct;bin;rgs;gif;jpg;jpeg;jpe;resx;tiff;tif;png;wav;mfcribbon-ms</Extensions>
    </Filter>
    <Filter Include="Header Files\igt">
      <UniqueIdentifier>{88051c94-b5b8-41cd-9332-9f09bd174afb}</UniqueIdentifier>
    </Filter>
    <Filter Include="Header Files\rta">
      <UniqueIdentifier>{b87212f2-8671-4c8c-b97f-a67c3f3fba88}</UniqueIdentifier>
    </Filter>
    <Filter Include="Source Files\igt">
      <UniqueIdentifier>{bd9349f0-1222-46cb-8705-a2111d8d8d32}</UniqueIdentifier>
    </Filter>
    <Filter Include="Source Files\rta">
      <UniqueIdentifier>{1e9eea3c-a060-454c-9283-361742753d4d}</UniqueIdentifier>
    </Filter>
  </ItemGroup>
  <ItemGroup>
    <ClInclude Include="VideoCaptureManager.h">
      <Filter>Header Files</Filter>
    </ClInclude>
    <ClInclude Include="VideoCapture.h">
      <Filter>Header Files</Filter>
    </ClInclude>
    <ClInclude Include="AnalysisSettings.h">
      <Filter>Header Files</Filter>
    </ClInclude>
    <ClInclude Include="VirtualCamCapture.h">
      <Filter>Header Files</Filter>
    </ClInclude>
    <ClInclude Include="FairMutex.h">
      <Filter>Header Files</Filter>
    </ClInclude>
    <ClInclude Include="igt\AnalysisResult.h">
      <Filter>Header Files\igt</Filter>
    </ClInclude>
    <ClInclude Include="rta\FrameAnalyzer.h">
      <Filter>Header Files\rta</Filter>
    </ClInclude>
    <ClInclude Include="igt\FrameAnalyzer.h">
      <Filter>Header Files\igt</Filter>
    </ClInclude>
    <ClInclude Include="igt\FrameStorage.h">
      <Filter>Header Files\igt</Filter>
    </ClInclude>
    <ClInclude Include="igt\TimeRecognizer.h">
      <Filter>Header Files\igt</Filter>
    </ClInclude>
    <ClInclude Include="rta\ThreadPool.h">
      <Filter>Header Files\rta</Filter>
    </ClInclude>
    <ClInclude Include="rta\ThreadSafeQueue.h">
      <Filter>Header Files\rta</Filter>
    </ClInclude>
  </ItemGroup>
  <ItemGroup>
    <ClCompile Include="VideoCaptureManager.cpp">
      <Filter>Source Files</Filter>
    </ClCompile>
    <ClCompile Include="VideoCapture.cpp">
      <Filter>Source Files</Filter>
    </ClCompile>
    <ClCompile Include="VirtualCamCapture.cpp">
      <Filter>Source Files</Filter>
    </ClCompile>
    <ClCompile Include="AnalysisSettings.cpp">
      <Filter>Source Files</Filter>
    </ClCompile>
    <ClCompile Include="igt\FrameAnalyzer.cpp">
      <Filter>Source Files\igt</Filter>
    </ClCompile>
    <ClCompile Include="rta\FrameAnalyzer.cpp">
      <Filter>Source Files\rta</Filter>
    </ClCompile>
    <ClCompile Include="igt\FrameStorage.cpp">
      <Filter>Source Files\igt</Filter>
    </ClCompile>
    <ClCompile Include="igt\TimeRecognizer.cpp">
      <Filter>Source Files\igt</Filter>
    </ClCompile>
  </ItemGroup>
</Project>