
Microsoft Visual Studio Solution File, Format Version 12.00
# Visual Studio Version 16
VisualStudioVersion = 16.0.29102.190
MinimumVisualStudioVersion = 10.0.40219.1
Project("{FAE04EC0-301F-11D3-BF4B-00C04F79EFBC}") = "SonicVisualSplit", "SonicVisualSplit\SonicVisualSplit.csproj", "{59838496-8594-449C-A96A-4215EAAA562C}"
EndProject
Project("{8BC9CEB8-8B4A-11D0-8D11-00A0C91BC942}") = "SonicVisualSplitBase", "SonicVisualSplitBase\SonicVisualSplitBase.vcxproj", "{4A540A61-F51A-42FE-830F-DD699125DA47}"
EndProject
Project("{8BC9CEB8-8B4A-11D0-8D11-00A0C91BC942}") = "SonicVisualSplitWrapper", "SonicVisualSplitWrapper\SonicVisualSplitWrapper.vcxproj", "{49345046-CD0D-4888-B480-56DA1DBBE910}"
EndProject
Project("{FAE04EC0-301F-11D3-BF4B-00C04F79EFBC}") = "LiveSplit.Core", "..\..\LiveSplit\LiveSplit\LiveSplit.Core\LiveSplit.Core.csproj", "{6DE847DB-20A3-4848-AEEE-1B4364AECDFB}"
EndProject
Project("{FAE04EC0-301F-11D3-BF4B-00C04F79EFBC}") = "UpdateManager", "..\..\LiveSplit\LiveSplit\UpdateManager\UpdateManager.csproj", "{56DEA3A0-2EB7-493B-B50F-A5E3AA8AE52A}"
EndProject
Project("{FAE04EC0-301F-11D3-BF4B-00C04F79EFBC}") = "LiveSplit.View", "..\..\LiveSplit\LiveSplit\LiveSplit.View\LiveSplit.View.csproj", "{F8CF1482-0687-44F3-ABA1-967E10C3BB96}"
EndProject
Global
	GlobalSection(SolutionConfigurationPlatforms) = preSolution
		Debug|Any CPU = Debug|Any CPU
		Debug|x64 = Debug|x64
		Release|Any CPU = Release|Any CPU
		Release|x64 = Release|x64
	EndGlobalSection
	GlobalSection(ProjectConfigurationPlatforms) = postSolution
		{59838496-8594-449C-A96A-4215EAAA562C}.Debug|Any CPU.ActiveCfg = Debug|x64
		{59838496-8594-449C-A96A-4215EAAA562C}.Debug|x64.ActiveCfg = Debug|x64
		{59838496-8594-449C-A96A-4215EAAA562C}.Debug|x64.Build.0 = Debug|x64
		{59838496-8594-449C-A96A-4215EAAA562C}.Release|Any CPU.ActiveCfg = Release|x64
		{59838496-8594-449C-A96A-4215EAAA562C}.Release|x64.ActiveCfg = Release|x64
		{59838496-8594-449C-A96A-4215EAAA562C}.Release|x64.Build.0 = Release|x64
		{4A540A61-F51A-42FE-830F-DD699125DA47}.Debug|Any CPU.ActiveCfg = Debug|x64
		{4A540A61-F51A-42FE-830F-DD699125DA47}.Debug|x64.ActiveCfg = Debug|x64
		{4A540A61-F51A-42FE-830F-DD699125DA47}.Debug|x64.Build.0 = Debug|x64
		{4A540A61-F51A-42FE-830F-DD699125DA47}.Release|Any CPU.ActiveCfg = Release|x64
		{4A540A61-F51A-42FE-830F-DD699125DA47}.Release|x64.ActiveCfg = Release|x64
		{4A540A61-F51A-42FE-830F-DD699125DA47}.Release|x64.Build.0 = Release|x64
		{49345046-CD0D-4888-B480-56DA1DBBE910}.Debug|Any CPU.ActiveCfg = Debug|x64
		{49345046-CD0D-4888-B480-56DA1DBBE910}.Debug|x64.ActiveCfg = Debug|x64
		{49345046-CD0D-4888-B480-56DA1DBBE910}.Debug|x64.Build.0 = Debug|x64
		{49345046-CD0D-4888-B480-56DA1DBBE910}.Release|Any CPU.ActiveCfg = Release|x64
		{49345046-CD0D-4888-B480-56DA1DBBE910}.Release|x64.ActiveCfg = Release|x64
		{49345046-CD0D-4888-B480-56DA1DBBE910}.Release|x64.Build.0 = Release|x64
		{6DE847DB-20A3-4848-AEEE-1B4364AECDFB}.Debug|Any CPU.ActiveCfg = Debug|Any CPU
		{6DE847DB-20A3-4848-AEEE-1B4364AECDFB}.Debug|Any CPU.Build.0 = Debug|Any CPU
		{6DE847DB-20A3-4848-AEEE-1B4364AECDFB}.Debug|x64.ActiveCfg = Debug|Any CPU
		{6DE847DB-20A3-4848-AEEE-1B4364AECDFB}.Release|Any CPU.ActiveCfg = Release|Any CPU
		{6DE847DB-20A3-4848-AEEE-1B4364AECDFB}.Release|Any CPU.Build.0 = Release|Any CPU
		{6DE847DB-20A3-4848-AEEE-1B4364AECDFB}.Release|x64.ActiveCfg = Release|Any CPU
		{56DEA3A0-2EB7-493B-B50F-A5E3AA8AE52A}.Debug|Any CPU.ActiveCfg = Debug|Any CPU
		{56DEA3A0-2EB7-493B-B50F-A5E3AA8AE52A}.Debug|Any CPU.Build.0 = Debug|Any CPU
		{56DEA3A0-2EB7-493B-B50F-A5E3AA8AE52A}.Debug|x64.ActiveCfg = Debug|Any CPU
		{56DEA3A0-2EB7-493B-B50F-A5E3AA8AE52A}.Release|Any CPU.ActiveCfg = Release|Any CPU
		{56DEA3A0-2EB7-493B-B50F-A5E3AA8AE52A}.Release|Any CPU.Build.0 = Release|Any CPU
		{56DEA3A0-2EB7-493B-B50F-A5E3AA8AE52A}.Release|x64.ActiveCfg = Release|Any CPU
		{F8CF1482-0687-44F3-ABA1-967E10C3BB96}.Debug|Any CPU.ActiveCfg = Debug|Any CPU
		{F8CF1482-0687-44F3-ABA1-967E10C3BB96}.Debug|Any CPU.Build.0 = Debug|Any CPU
		{F8CF1482-0687-44F3-ABA1-967E10C3BB96}.Debug|x64.ActiveCfg = Debug|Any CPU
		{F8CF1482-0687-44F3-ABA1-967E10C3BB96}.Release|Any CPU.ActiveCfg = Release|Any CPU
		{F8CF1482-0687-44F3-ABA1-967E10C3BB96}.Release|Any CPU.Build.0 = Release|Any CPU
		{F8CF1482-0687-44F3-ABA1-967E10C3BB96}.Release|x64.ActiveCfg = Release|Any CPU
	EndGlobalSection
	GlobalSection(SolutionProperties) = preSolution
		HideSolutionNode = FALSE
	EndGlobalSection
	GlobalSection(ExtensibilityGlobals) = postSolution
		SolutionGuid = {63FB9C43-D26C-4159-82EE-CECE7D2AA44F}
	EndGlobalSection
	GlobalSection(SubversionScc) = preSolution
		Svn-Managed = True
		Manager = AnkhSVN - Subversion Support for Visual Studio
	EndGlobalSection
EndGlobal
